gitee.com/aifuturewell/methods v0.0.0-20200916161309-46711ed18442 h1:0L3CZUSPV/iwu6yBdGhQMIbgP0ml//AP5S2QgcEA1Qc=
gitee.com/aifuturewell/methods v0.0.0-20200916161309-46711ed18442/go.mod h1:NkKSo+mHuRWYDp8mbSN/xgcJ6Vrn3ECZl8RvSb9Y8Ng=
gitee.com/aifuturewell/methods v0.0.0-20200918095638-c5df87cea4ad h1:EvuVenP628RX28Q/9fOIfAtmfqvQgpGi6CXr5XGPkA8=
gitee.com/aifuturewell/methods v0.0.0-20200918095638-c5df87cea4ad/go.mod h1:NkKSo+mHuRWYDp8mbSN/xgcJ6Vrn3ECZl8RvSb9Y8Ng=
gitee.com/aifuturewell/methods v0.0.0-20201027053559-36f90c866f56 h1:uVuidemO34VaYAI6qTuwLbl3NFH9AwJuj8ed35FvsoY=
gitee.com/aifuturewell/methods v0.0.0-20201027053559-36f90c866f56/go.mod h1:NkKSo+mHuRWYDp8mbSN/xgcJ6Vrn3ECZl8RvSb9Y8Ng=
github.com/davecgh/go-spew v1.1.1/go.mod h1:J7Y8YcW2NihsgmVo/mv3lAwl/skON4iLHjSsI+c5H38=
github.com/konsorten/go-windows-terminal-sequences v1.0.1 h1:mweAR1A6xJ3oS2pRaGiHgQ4OO8tzTaLawm8vnODuwDk=
github.com/konsorten/go-windows-terminal-sequences v1.0.1/go.mod h1:T0+1ngSBFLxvqU3pZ+m/2kptfBszLMUkC4ZK/EgS/cQ=
github.com/pmezard/go-difflib v1.0.0/go.mod h1:iKH77koFhYxTK1pcRnkKkqfTogsbg7gZNVY4sRDYZ/4=
github.com/sirupsen/logrus v1.5.0 h1:1N5EYkVAPEywqZRJd7cwnRtCb6xJx7NH3T3WUTF980Q=
github.com/sirupsen/logrus v1.5.0/go.mod h1:+F7Ogzej0PZc/94MaYx/nvG9jOFMD2osvC3s+Squfpo=
github.com/stretchr/testify v1.2.2/go.mod h1:a8OnRcib4nhh0OaRAV+Yts87kKdq0PP7pXfy6kDkUVs=
golang.org/x/sys v0.0.0-20190422165155-953cdadca894/go.mod h1:h1NjWce9XRLGQEsW7wpKNCjG9DtNlClVuFLEZdDNbEs=
